
Microsoft Visual Studio Solution File, Format Version 12.00
# Visual Studio Version 16
VisualStudioVersion = 16.0.30320.27
MinimumVisualStudioVersion = 10.0.40219.1
Project("{FAE04EC0-301F-11D3-BF4B-00C04F79EFBC}") = "TrackerLibrary", "TrackerLibrary\TrackerLibrary.csproj", "{91D0FD4E-1F6D-446F-9330-804B7F40D4FC}"
EndProject
Project("{FAE04EC0-301F-11D3-BF4B-00C04F79EFBC}") = "TrackerUI", "TrackerUI\TrackerUI.csproj", "{C752A4CE-C21B-4400-BBEC-DEA06DE804F0}"
EndProject
Global
	GlobalSection(SolutionConfigurationPlatforms) = preSolution
		Debug|Any CPU = Debug|Any CPU
		Release|Any CPU = Release|Any CPU
	EndGlobalSection
	GlobalSection(ProjectConfigurationPlatforms) = postSolution
		{91D0FD4E-1F6D-446F-9330-804B7F40D4FC}.Debug|Any CPU.ActiveCfg = Debug|Any CPU
		{91D0FD4E-1F6D-446F-9330-804B7F40D4FC}.Debug|Any CPU.Build.0 = Debug|Any CPU
		{91D0FD4E-1F6D-446F-9330-804B7F40D4FC}.Release|Any CPU.ActiveCfg = Release|Any CPU
		{91D0FD4E-1F6D-446F-9330-804B7F40D4FC}.Release|Any CPU.Build.0 = Release|Any CPU
		{C752A4CE-C21B-4400-BBEC-DEA06DE804F0}.Debug|Any CPU.ActiveCfg = Debug|Any CPU
		{C752A4CE-C21B-4400-BBEC-DEA06DE804F0}.Debug|Any CPU.Build.0 = Debug|Any CPU
		{C752A4CE-C21B-4400-BBEC-DEA06DE804F0}.Release|Any CPU.ActiveCfg = Release|Any CPU
		{C752A4CE-C21B-4400-BBEC-DEA06DE804F0}.Release|Any CPU.Build.0 = Release|Any CPU
	EndGlobalSection
	GlobalSection(SolutionProperties) = preSolution
		HideSolutionNode = FALSE
	EndGlobalSection
	GlobalSection(ExtensibilityGlobals) = postSolution
		SolutionGuid = {9CE75A55-FCAC-44B4-9422-22A83D2D2193}
	EndGlobalSection
EndGlobal
